<?xml version="1.0" encoding="utf-8"?>
<Project ToolsVersion="4.0" xmlns="http://schemas.microsoft.com/developer/msbuild/2003">
  <ItemGroup>
    <Filter Include="资源文件">
      <UniqueIdentifier>{67DA6AB6-F800-4c08-8B7A-83BB121AAD01}</UniqueIdentifier>
      <Extensions>rc;ico;cur;bmp;dlg;rc2;rct;bin;rgs;gif;jpg;jpeg;jpe;resx;tiff;tif;png;wav;mfcribbon-ms</Extensions>
    </Filter>
    <Filter Include="cocoa">
      <UniqueIdentifier>{6cd0d7ca-3c8e-4272-b7bb-f4f0e9ee21f7}</UniqueIdentifier>
    </Filter>
    <Filter Include="render">
      <UniqueIdentifier>{56105bd6-8808-44b7-b4c8-6542463f2701}</UniqueIdentifier>
    </Filter>
    <Filter Include="log">
      <UniqueIdentifier>{207cdb3d-ebfa-4baf-b2ab-49b7112c8ee0}</UniqueIdentifier>
    </Filter>
  </ItemGroup>
  <ItemGroup>
    <ClCompile Include="..\..\..\cocoa\at_prefix.cpp">
      <Filter>cocoa</Filter>
    </ClCompile>
    <ClCompile Include="..\..\..\Render\camera_class.cpp">
      <Filter>render</Filter>
    </ClCompile>
    <ClCompile Include="..\..\..\Render\CImage.cpp">
      <Filter>render</Filter>
    </ClCompile>
    <ClCompile Include="..\..\..\Render\curtains.cpp">
      <Filter>render</Filter>
    </ClCompile>
    <ClCompile Include="..\..\..\Render\lighting.cpp">
      <Filter>render</Filter>
    </ClCompile>
    <ClCompile Include="..\..\..\Render\lighting_manage.cpp">
      <Filter>render</Filter>
    </ClCompile>
    <ClCompile Include="..\..\..\Render\material.cpp">
      <Filter>render</Filter>
    </ClCompile>
    <ClCompile Include="..\..\..\Render\object_control.cpp">
      <Filter>render</Filter>
    </ClCompile>
    <ClCompile Include="..\..\..\Render\render.cpp">
      <Filter>render</Filter>
    </ClCompile>
    <ClCompile Include="..\..\..\Render\render_group.cpp">
      <Filter>render</Filter>
    </ClCompile>
    <ClCompile Include="..\..\..\Render\render_object.cpp">
      <Filter>render</Filter>
    </ClCompile>
    <ClCompile Include="..\..\..\Render\render_object_data.cpp">
      <Filter>render</Filter>
    </ClCompile>
    <ClCompile Include="..\..\..\Render\render_state.cpp">
      <Filter>render</Filter>
    </ClCompile>
    <ClCompile Include="..\..\..\Render\shader.cpp">
      <Filter>render</Filter>
    </ClCompile>
    <ClCompile Include="..\..\..\Render\texture.cpp">
      <Filter>render</Filter>
    </ClCompile>
    <ClCompile Include="..\..\..\cocoa\Array.cpp">
      <Filter>cocoa</Filter>
    </ClCompile>
    <ClCompile Include="..\..\..\cocoa\AutoRelease.cpp">
      <Filter>cocoa</Filter>
    </ClCompile>
    <ClCompile Include="..\..\..\cocoa\Log.cpp">
      <Filter>cocoa</Filter>
    </ClCompile>
    <ClCompile Include="..\..\..\cocoa\Object.cpp">
      <Filter>cocoa</Filter>
    </ClCompile>
    <ClCompile Include="..\..\..\cocoa\ResourceManager.cpp">
      <Filter>cocoa</Filter>
    </ClCompile>
  </ItemGroup>
  <ItemGroup>
    <ClInclude Include="..\..\..\cocoa\at_prefix.h">
      <Filter>cocoa</Filter>
    </ClInclude>
    <ClInclude Include="..\..\..\Render\camera_class.h">
      <Filter>render</Filter>
    </ClInclude>
    <ClInclude Include="..\..\..\Render\CImage.h">
      <Filter>render</Filter>
    </ClInclude>
    <ClInclude Include="..\..\..\Render\curtains.h">
      <Filter>render</Filter>
    </ClInclude>
    <ClInclude Include="..\..\..\Render\lighting.h">
      <Filter>render</Filter>
    </ClInclude>
    <ClInclude Include="..\..\..\Render\lighting_manage.h">
      <Filter>render</Filter>
    </ClInclude>
    <ClInclude Include="..\..\..\Render\material.h">
      <Filter>render</Filter>
    </ClInclude>
    <ClInclude Include="..\..\..\Render\object_control.h">
      <Filter>render</Filter>
    </ClInclude>
    <ClInclude Include="..\..\..\Render\render.h">
      <Filter>render</Filter>
    </ClInclude>
    <ClInclude Include="..\..\..\Render\render_group.h">
      <Filter>render</Filter>
    </ClInclude>
    <ClInclude Include="..\..\..\Render\render_object.h">
      <Filter>render</Filter>
    </ClInclude>
    <ClInclude Include="..\..\..\Render\render_object_data.h">
      <Filter>render</Filter>
    </ClInclude>
    <ClInclude Include="..\..\..\Render\render_state.h">
      <Filter>render</Filter>
    </ClInclude>
    <ClInclude Include="..\..\..\Render\shader.h">
      <Filter>render</Filter>
    </ClInclude>
    <ClInclude Include="..\..\..\Render\texture.h">
      <Filter>render</Filter>
    </ClInclude>
    <ClInclude Include="..\..\..\cocoa\Array.h">
      <Filter>cocoa</Filter>
    </ClInclude>
    <ClInclude Include="..\..\..\cocoa\AutoRelease.h">
      <Filter>cocoa</Filter>
    </ClInclude>
    <ClInclude Include="..\..\..\cocoa\Log.h">
      <Filter>cocoa</Filter>
    </ClInclude>
    <ClInclude Include="..\..\..\cocoa\Object.h">
      <Filter>cocoa</Filter>
    </ClInclude>
    <ClInclude Include="..\..\..\cocoa\ResourceManager.h">
      <Filter>cocoa</Filter>
    </ClInclude>
    <ClInclude Include="..\..\..\cocoa\at_config.h">
      <Filter>cocoa</Filter>
    </ClInclude>
  </ItemGroup>
</Project>